
Microsoft Visual Studio Solution File, Format Version 12.00
# Visual Studio Version 17
VisualStudioVersion = 17.11.35222.181
MinimumVisualStudioVersion = 10.0.40219.1
Project("{FAE04EC0-301F-11D3-BF4B-00C04F79EFBC}") = "backend", "backend\backend.csproj", "{5C5832E8-009D-4FDA-B99C-0DEE66C978E3}"
EndProject
Global
	GlobalSection(SolutionConfigurationPlatforms) = preSolution
		Debug|Any CPU = Debug|Any CPU
		Release|Any CPU = Release|Any CPU
	EndGlobalSection
	GlobalSection(ProjectConfigurationPlatforms) = postSolution
		{5C5832E8-009D-4FDA-B99C-0DEE66C978E3}.Debug|Any CPU.ActiveCfg = Debug|Any CPU
		{5C5832E8-009D-4FDA-B99C-0DEE66C978E3}.Debug|Any CPU.Build.0 = Debug|Any CPU
		{5C5832E8-009D-4FDA-B99C-0DEE66C978E3}.Release|Any CPU.ActiveCfg = Release|Any CPU
		{5C5832E8-009D-4FDA-B99C-0DEE66C978E3}.Release|Any CPU.Build.0 = Release|Any CPU
	EndGlobalSection
	GlobalSection(SolutionProperties) = preSolution
		HideSolutionNode = FALSE
	EndGlobalSection
	GlobalSection(ExtensibilityGlobals) = postSolution
		SolutionGuid = {1A40E577-DA86-48AC-BF46-1BBF8FFF2A76}
	EndGlobalSection
EndGlobal
